lockfileVersion: '6.0'

settings:
  autoInstallPeers: true
  excludeLinksFromLockfile: false

dependencies:
  '@inlang/paraglide-js-adapter-next':
    specifier: 3.3.0
    version: 3.3.0(next@14.2.2)(react@18.2.0)
  next:
    specifier: 14.2.2
    version: 14.2.2(react-dom@18.2.0)(react@18.2.0)
  react:
    specifier: ^18
    version: 18.2.0
  react-dom:
    specifier: ^18
    version: 18.2.0(react@18.2.0)

devDependencies:
  '@inlang/paraglide-js':
    specifier: 1.7.0
    version: 1.7.0
  '@types/node':
    specifier: ^20
    version: 20.12.7
  '@types/react':
    specifier: ^18
    version: 18.2.79
  '@types/react-dom':
    specifier: ^18
    version: 18.2.25
  typescript:
    specifier: ^5
    version: 5.4.5

packages:

  /@inlang/detect-json-formatting@1.0.0:
    resolution: {integrity: sha512-o0jeI8U4TgNlsPwI0y92jld8/18Loh2KEgHCYCJ42rCOdxFrA8R60cydlEd2/6jkdHFn5DxKj8rOyiKv3z9uOw==}
    dependencies:
      guess-json-indent: 2.0.0

  /@inlang/paraglide-js-adapter-next@3.3.0(next@14.2.2)(react@18.2.0):
    resolution: {integrity: sha512-eAvPVDkysI0vCJS+8H5p2tSByDmBmCqg0fLRhYZByBx+bMxoAd9H+dvwUAZXu15gED/Gqfub8v4zqRa8dGSYlA==}
    hasBin: true
    peerDependencies:
      next: ^13.0.0 || ^14.0.0
      react: ^18 || ^19
    dependencies:
      '@inlang/paraglide-js': 1.7.0
      commander: 12.0.0
      consola: 3.2.3
      next: 14.2.2(react-dom@18.2.0)(react@18.2.0)
      react: 18.2.0
      rsc-env: 0.0.1
    transitivePeerDependencies:
      - babel-plugin-macros
      - debug
    dev: false

  /@inlang/paraglide-js@1.7.0:
    resolution: {integrity: sha512-FkyOqMAPd8iks66xZpIqzepzlnMPT/t7sHmZkwN9QzjFu6RUjdSbHSP6dZPdmD1puobhtDQcbbub6NA/OmpuzA==}
    hasBin: true
    dependencies:
      '@inlang/detect-json-formatting': 1.0.0
      commander: 11.1.0
      consola: 3.2.3
      dedent: 1.5.1
      json5: 2.2.3
      posthog-node: 3.1.3
    transitivePeerDependencies:
      - babel-plugin-macros
      - debug

  /@next/env@14.2.2:
    resolution: {integrity: sha512-sk72qRfM1Q90XZWYRoJKu/UWlTgihrASiYw/scb15u+tyzcze3bOuJ/UV6TBOQEeUaxOkRqGeuGUdiiuxc5oqw==}
    dev: false

  /@next/swc-darwin-arm64@14.2.2:
    resolution: {integrity: sha512-3iPgMhzbalizGwHNFUcGnDhFPSgVBHQ8aqSTAMxB5BvJG0oYrDf1WOJZlbXBgunOEj/8KMVbejEur/FpvFsgFQ==}
    engines: {node: '>= 10'}
    cpu: [arm64]
    os: [darwin]
    requiresBuild: true
    dev: false
    optional: true

  /@next/swc-darwin-x64@14.2.2:
    resolution: {integrity: sha512-x7Afi/jt0ZBRUZHTi49yyej4o8znfIMHO4RvThuoc0P+uli8Jd99y5GKjxoYunPKsXL09xBXEM1+OQy2xEL0Ag==}
    engines: {node: '>= 10'}
    cpu: [x64]
    os: [darwin]
    requiresBuild: true
    dev: false
    optional: true

  /@next/swc-linux-arm64-gnu@14.2.2:
    resolution: {integrity: sha512-zbfPtkk7L41ODMJwSp5VbmPozPmMMQrzAc0HAUomVeVIIwlDGs/UCqLJvLNDt4jpWgc21SjjyIn762lNGrMaUA==}
    engines: {node: '>= 10'}
    cpu: [arm64]
    os: [linux]
    requiresBuild: true
    dev: false
    optional: true

  /@next/swc-linux-arm64-musl@14.2.2:
    resolution: {integrity: sha512-wPbS3pI/JU16rm3XdLvvTmlsmm1nd+sBa2ohXgBZcShX4TgOjD4R+RqHKlI1cjo/jDZKXt6OxmcU0Iys0OC/yg==}
    engines: {node: '>= 10'}
    cpu: [arm64]
    os: [linux]
    requiresBuild: true
    dev: false
    optional: true

  /@next/swc-linux-x64-gnu@14.2.2:
    resolution: {integrity: sha512-NqWOHqqq8iC9tuHvZxjQ2tX+jWy2X9y8NX2mcB4sj2bIccuCxbIZrU/ThFPZZPauygajZuVQ6zediejQHwZHwQ==}
    engines: {node: '>= 10'}
    cpu: [x64]
    os: [linux]
    requiresBuild: true
    dev: false
    optional: true

  /@next/swc-linux-x64-musl@14.2.2:
    resolution: {integrity: sha512-lGepHhwb9sGhCcU7999+iK1ZZT+6rrIoVg40MP7DZski9GIZP80wORSbt5kJzh9v2x2ev2lxC6VgwMQT0PcgTA==}
    engines: {node: '>= 10'}
    cpu: [x64]
    os: [linux]
    requiresBuild: true
    dev: false
    optional: true

  /@next/swc-win32-arm64-msvc@14.2.2:
    resolution: {integrity: sha512-TZSh/48SfcLEQ4rD25VVn2kdIgUWmMflRX3OiyPwGNXn3NiyPqhqei/BaqCYXViIQ+6QsG9R0C8LftMqy8JPMA==}
    engines: {node: '>= 10'}
    cpu: [arm64]
    os: [win32]
    requiresBuild: true
    dev: false
    optional: true

  /@next/swc-win32-ia32-msvc@14.2.2:
    resolution: {integrity: sha512-M0tBVNMEBJN2ZNQWlcekMn6pvLria7Sa2Fai5znm7CCJz4pP3lrvlSxhKdkCerk0D9E0bqx5yAo3o2Q7RrD4gA==}
    engines: {node: '>= 10'}
    cpu: [ia32]
    os: [win32]
    requiresBuild: true
    dev: false
    optional: true

  /@next/swc-win32-x64-msvc@14.2.2:
    resolution: {integrity: sha512-a/20E/wtTJZ3Ykv3f/8F0l7TtgQa2LWHU2oNB9bsu0VjqGuGGHmm/q6waoUNQYTVPYrrlxxaHjJcDV6aiSTt/w==}
    engines: {node: '>= 10'}
    cpu: [x64]
    os: [win32]
    requiresBuild: true
    dev: false
    optional: true

  /@swc/counter@0.1.3:
    resolution: {integrity: sha512-e2BR4lsJkkRlKZ/qCHPw9ZaSxc0MVUd7gtbtaB7aMvHeJVYe8sOB8DBZkP2DtISHGSku9sCK6T6cnY0CtXrOCQ==}
    dev: false

  /@swc/helpers@0.5.5:
    resolution: {integrity: sha512-KGYxvIOXcceOAbEk4bi/dVLEK9z8sZ0uBB3Il5b1rhfClSpcX0yfRO0KmTkqR2cnQDymwLB+25ZyMzICg/cm/A==}
    dependencies:
      '@swc/counter': 0.1.3
      tslib: 2.6.2
    dev: false

  /@types/node@20.12.7:
    resolution: {integrity: sha512-wq0cICSkRLVaf3UGLMGItu/PtdY7oaXaI/RVU+xliKVOtRna3PRY57ZDfztpDL0n11vfymMUnXv8QwYCO7L1wg==}
    dependencies:
      undici-types: 5.26.5
    dev: true

  /@types/prop-types@15.7.12:
    resolution: {integrity: sha512-5zvhXYtRNRluoE/jAp4GVsSduVUzNWKkOZrCDBWYtE7biZywwdC2AcEzg+cSMLFRfVgeAFqpfNabiPjxFddV1Q==}
    dev: true

  /@types/react-dom@18.2.25:
    resolution: {integrity: sha512-o/V48vf4MQh7juIKZU2QGDfli6p1+OOi5oXx36Hffpc9adsHeXjVp8rHuPkjd8VT8sOJ2Zp05HR7CdpGTIUFUA==}
    dependencies:
      '@types/react': 18.2.79
    dev: true

  /@types/react@18.2.79:
    resolution: {integrity: sha512-RwGAGXPl9kSXwdNTafkOEuFrTBD5SA2B3iEB96xi8+xu5ddUa/cpvyVCSNn+asgLCTHkb5ZxN8gbuibYJi4s1w==}
    dependencies:
      '@types/prop-types': 15.7.12
      csstype: 3.1.3
    dev: true

  /asynckit@0.4.0:
    resolution: {integrity: sha512-Oei9OH4tRh0YqU3GxhX79dM/mwVgvbZJaSNaRk+bshkj0S5cfHcgYakreBjrHwatXKbz+IoIdYLxrKim2MjW0Q==}

  /axios@1.6.8:
    resolution: {integrity: sha512-v/ZHtJDU39mDpyBoFVkETcd/uNdxrWRrg3bKpOKzXFA6Bvqopts6ALSMU3y6ijYxbw2B+wPrIv46egTzJXCLGQ==}
    dependencies:
      follow-redirects: 1.15.6
      form-data: 4.0.0
      proxy-from-env: 1.1.0
    transitivePeerDependencies:
      - debug

  /busboy@1.6.0:
    resolution: {integrity: sha512-8SFQbg/0hQ9xy3UNTB0YEnsNBbWfhf7RtnzpL7TkBiTBRfrQ9Fxcnz7VJsleJpyp6rVLvXiuORqjlHi5q+PYuA==}
    engines: {node: '>=10.16.0'}
    dependencies:
      streamsearch: 1.1.0
    dev: false

  /caniuse-lite@1.0.30001611:
    resolution: {integrity: sha512-19NuN1/3PjA3QI8Eki55N8my4LzfkMCRLgCVfrl/slbSAchQfV0+GwjPrK3rq37As4UCLlM/DHajbKkAqbv92Q==}
    dev: false

  /client-only@0.0.1:
    resolution: {integrity: sha512-IV3Ou0jSMzZrd3pZ48nLkT9DA7Ag1pnPzaiQhpW7c3RbcqqzvzzVu+L8gfqMp/8IM2MQtSiqaCxrrcfu8I8rMA==}
    dev: false

  /combined-stream@1.0.8:
    resolution: {integrity: sha512-FQN4MRfuJeHf7cBbBMJFXhKSDq+2kAArBlmRBvcvFE5BB1HZKXtSFASDhdlz9zOYwxh8lDdnvmMOe/+5cdoEdg==}
    engines: {node: '>= 0.8'}
    dependencies:
      delayed-stream: 1.0.0

  /commander@11.1.0:
    resolution: {integrity: sha512-yPVavfyCcRhmorC7rWlkHn15b4wDVgVmBA7kV4QVBsF7kv/9TKJAbAXVTxvTnwP8HHKjRCJDClKbciiYS7p0DQ==}
    engines: {node: '>=16'}

  /commander@12.0.0:
    resolution: {integrity: sha512-MwVNWlYjDTtOjX5PiD7o5pK0UrFU/OYgcJfjjK4RaHZETNtjJqrZa9Y9ds88+A+f+d5lv+561eZ+yCKoS3gbAA==}
    engines: {node: '>=18'}
    dev: false

  /consola@3.2.3:
    resolution: {integrity: sha512-I5qxpzLv+sJhTVEoLYNcTW+bThDCPsit0vLNKShZx6rLtpilNpmmeTPaeqJb9ZE9dV3DGaeby6Vuhrw38WjeyQ==}
    engines: {node: ^14.18.0 || >=16.10.0}

  /csstype@3.1.3:
    resolution: {integrity: sha512-M1uQkMl8rQK/szD0LNhtqxIPLpimGm8sOBwU7lLnCpSbTyY3yeU1Vc7l4KT5zT4s/yOxHH5O7tIuuLOCnLADRw==}
    dev: true

  /dedent@1.5.1:
    resolution: {integrity: sha512-+LxW+KLWxu3HW3M2w2ympwtqPrqYRzU8fqi6Fhd18fBALe15blJPI/I4+UHveMVG6lJqB4JNd4UG0S5cnVHwIg==}
    peerDependencies:
      babel-plugin-macros: ^3.1.0
    peerDependenciesMeta:
      babel-plugin-macros:
        optional: true

  /delayed-stream@1.0.0:
    resolution: {integrity: sha512-ZySD7Nf91aLB0RxL4KGrKHBXl7Eds1DAmEdcoVawXnLD7SDhpNgtuII2aAkg7a7QS41jxPSZ17p4VdGnMHk3MQ==}
    engines: {node: '>=0.4.0'}

  /follow-redirects@1.15.6:
    resolution: {integrity: sha512-wWN62YITEaOpSK584EZXJafH1AGpO8RVgElfkuXbTOrPX4fIfOyEpW/CsiNd8JdYrAoOvafRTOEnvsO++qCqFA==}
    engines: {node: '>=4.0'}
    peerDependencies:
      debug: '*'
    peerDependenciesMeta:
      debug:
        optional: true

  /form-data@4.0.0:
    resolution: {integrity: sha512-ETEklSGi5t0QMZuiXoA/Q6vcnxcLQP5vdugSpuAyi6SVGi2clPPp+xgEhuMaHC+zGgn31Kd235W35f7Hykkaww==}
    engines: {node: '>= 6'}
    dependencies:
      asynckit: 0.4.0
      combined-stream: 1.0.8
      mime-types: 2.1.35

  /graceful-fs@4.2.11:
    resolution: {integrity: sha512-RbJ5/jmFcNNCcDV5o9eTnBLJ/HszWV0P73bc+Ff4nS/rJj+YaS6IGyiOL0VoBYX+l1Wrl3k63h/KrH+nhJ0XvQ==}
    dev: false

  /guess-json-indent@2.0.0:
    resolution: {integrity: sha512-3Tm6R43KhtZWEVSHZnFmYMV9+gf3Vu0HXNNYtPVk2s7o8eGwYlJPHrjLtYw/7HBc10YxV+bfzKMuOf24z5qFng==}
    engines: {node: '>=16.17.0'}

  /js-tokens@4.0.0:
    resolution: {integrity: sha512-RdJUflcE3cUzKiMqQgsCu06FPu9UdIJO0beYbPhHN4k6apgJtifcoCtT9bcxOpYBtpD2kCM6Sbzg4CausW/PKQ==}
    dev: false

  /json5@2.2.3:
    resolution: {integrity: sha512-XmOWe7eyHYH14cLdVPoyg+GOH3rYX++KpzrylJwSW98t3Nk+U8XOl8FWKOgwtzdb8lXGf6zYwDUzeHMWfxasyg==}
    engines: {node: '>=6'}
    hasBin: true

  /loose-envify@1.4.0:
    resolution: {integrity: sha512-lyuxPGr/Wfhrlem2CL/UcnUc1zcqKAImBDzukY7Y5F/yQiNdko6+fRLevlw1HgMySw7f611UIY408EtxRSoK3Q==}
    hasBin: true
    dependencies:
      js-tokens: 4.0.0
    dev: false

  /mime-db@1.52.0:
    resolution: {integrity: sha512-sPU4uV7dYlvtWJxwwxHD0PuihVNiE7TyAbQ5SWxDCB9mUYvOgroQOwYQQOKPJ8CIbE+1ETVlOoK1UC2nU3gYvg==}
    engines: {node: '>= 0.6'}

  /mime-types@2.1.35:
    resolution: {integrity: sha512-ZDY+bPm5zTTF+YpCrAU9nK0UgICYPT0QtT1NZWFv4s++TNkcgVaT0g6+4R2uI4MjQjzysHB1zxuWL50hzaeXiw==}
    engines: {node: '>= 0.6'}
    dependencies:
      mime-db: 1.52.0

  /nanoid@3.3.7:
    resolution: {integrity: sha512-eSRppjcPIatRIMC1U6UngP8XFcz8MQWGQdt1MTBQ7NaAmvXDfvNxbvWV3x2y6CdEUciCSsDHDQZbhYaB8QEo2g==}
    engines: {node: ^10 || ^12 || ^13.7 || ^14 || >=15.0.1}
    hasBin: true
    dev: false

  /next@14.2.2(react-dom@18.2.0)(react@18.2.0):
    resolution: {integrity: sha512-oGwUaa2bCs47FbuxWMpOoXtBMPYpvTPgdZr3UAo+pu7Ns00z9otmYpoeV1HEiYL06AlRQQIA/ypK526KjJfaxg==}
    engines: {node: '>=18.17.0'}
    hasBin: true
    peerDependencies:
      '@opentelemetry/api': ^1.1.0
      '@playwright/test': ^1.41.2
      react: ^18.2.0
      react-dom: ^18.2.0
      sass: ^1.3.0
    peerDependenciesMeta:
      '@opentelemetry/api':
        optional: true
      '@playwright/test':
        optional: true
      sass:
        optional: true
    dependencies:
      '@next/env': 14.2.2
      '@swc/helpers': 0.5.5
      busboy: 1.6.0
      caniuse-lite: 1.0.30001611
      graceful-fs: 4.2.11
      postcss: 8.4.31
      react: 18.2.0
      react-dom: 18.2.0(react@18.2.0)
      styled-jsx: 5.1.1(react@18.2.0)
    optionalDependencies:
      '@next/swc-darwin-arm64': 14.2.2
      '@next/swc-darwin-x64': 14.2.2
      '@next/swc-linux-arm64-gnu': 14.2.2
      '@next/swc-linux-arm64-musl': 14.2.2
      '@next/swc-linux-x64-gnu': 14.2.2
      '@next/swc-linux-x64-musl': 14.2.2
      '@next/swc-win32-arm64-msvc': 14.2.2
      '@next/swc-win32-ia32-msvc': 14.2.2
      '@next/swc-win32-x64-msvc': 14.2.2
    transitivePeerDependencies:
      - '@babel/core'
      - babel-plugin-macros
    dev: false

  /picocolors@1.0.0:
    resolution: {integrity: sha512-1fygroTLlHu66zi26VoTDv8yRgm0Fccecssto+MhsZ0D/DGW2sm8E8AjW7NU5VVTRt5GxbeZ5qBuJr+HyLYkjQ==}
    dev: false

  /postcss@8.4.31:
    resolution: {integrity: sha512-PS08Iboia9mts/2ygV3eLpY5ghnUcfLV/EXTOW1E2qYxJKGGBUtNjN76FYHnMs36RmARn41bC0AZmn+rR0OVpQ==}
    engines: {node: ^10 || ^12 || >=14}
    dependencies:
      nanoid: 3.3.7
      picocolors: 1.0.0
      source-map-js: 1.2.0
    dev: false

  /posthog-node@3.1.3:
    resolution: {integrity: sha512-UaOOoWEUYTcaaDe1w0fgHW/sXvFr3RO0l7yI7RUDzkZNZCfwXNO9r3pc14d1EtNppF/SHBrV5hNiZZATpf/vUw==}
    engines: {node: '>=15.0.0'}
    dependencies:
      axios: 1.6.8
      rusha: 0.8.14
    transitivePeerDependencies:
      - debug

  /proxy-from-env@1.1.0:
    resolution: {integrity: sha512-D+zkORCbA9f1tdWRK0RaCR3GPv50cMxcrz4X8k5LTSUD1Dkw47mKJEZQNunItRTkWwgtaUSo1RVFRIG9ZXiFYg==}

  /react-dom@18.2.0(react@18.2.0):
    resolution: {integrity: sha512-6IMTriUmvsjHUjNtEDudZfuDQUoWXVxKHhlEGSk81n4YFS+r/Kl99wXiwlVXtPBtJenozv2P+hxDsw9eA7Xo6g==}
    peerDependencies:
      react: ^18.2.0
    dependencies:
      loose-envify: 1.4.0
      react: 18.2.0
      scheduler: 0.23.0
    dev: false

  /react@18.2.0:
    resolution: {integrity: sha512-/3IjMdb2L9QbBdWiW5e3P2/npwMBaU9mHCSCUzNln0ZCYbcfTsGbTJrU/kGemdH2IWmB2ioZ+zkxtmq6g09fGQ==}
    engines: {node: '>=0.10.0'}
    dependencies:
      loose-envify: 1.4.0
    dev: false

  /rsc-env@0.0.1:
    resolution: {integrity: sha512-34kQwlfWn7J/vWsV2yVPf8gupoVzH3UsXdoYJ4DpBsDzoVA5HMuiPemPv/TQ6nfB6ifu6RkKMiA05tSFeaQjmw==}
    dev: false

  /rusha@0.8.14:
    resolution: {integrity: sha512-cLgakCUf6PedEu15t8kbsjnwIFFR2D4RfL+W3iWFJ4iac7z4B0ZI8fxy4R3J956kAI68HclCFGL8MPoUVC3qVA==}

  /scheduler@0.23.0:
    resolution: {integrity: sha512-CtuThmgHNg7zIZWAXi3AsyIzA3n4xx7aNyjwC2VJldO2LMVDhFK+63xGqq6CsJH4rTAt6/M+N4GhZiDYPx9eUw==}
    dependencies:
      loose-envify: 1.4.0
    dev: false

  /source-map-js@1.2.0:
    resolution: {integrity: sha512-itJW8lvSA0TXEphiRoawsCksnlf8SyvmFzIhltqAHluXd88pkCd+cXJVHTDwdCr0IzwptSm035IHQktUu1QUMg==}
    engines: {node: '>=0.10.0'}
    dev: false

  /streamsearch@1.1.0:
    resolution: {integrity: sha512-Mcc5wHehp9aXz1ax6bZUyY5afg9u2rv5cqQI3mRrYkGC8rW2hM02jWuwjtL++LS5qinSyhj2QfLyNsuc+VsExg==}
    engines: {node: '>=10.0.0'}
    dev: false

  /styled-jsx@5.1.1(react@18.2.0):
    resolution: {integrity: sha512-pW7uC1l4mBZ8ugbiZrcIsiIvVx1UmTfw7UkC3Um2tmfUq9Bhk8IiyEIPl6F8agHgjzku6j0xQEZbfA5uSgSaCw==}
    engines: {node: '>= 12.0.0'}
    peerDependencies:
      '@babel/core': '*'
      babel-plugin-macros: '*'
      react: '>= 16.8.0 || 17.x.x || ^18.0.0-0'
    peerDependenciesMeta:
      '@babel/core':
        optional: true
      babel-plugin-macros:
        optional: true
    dependencies:
      client-only: 0.0.1
      react: 18.2.0
    dev: false

  /tslib@2.6.2:
    resolution: {integrity: sha512-AEYxH93jGFPn/a2iVAwW87VuUIkR1FVUKB77NwMF7nBTDkDrrT/Hpt/IrCJ0QXhW27jTBDcf5ZY7w6RiqTMw2Q==}
    dev: false

  /typescript@5.4.5:
    resolution: {integrity: sha512-vcI4UpRgg81oIRUFwR0WSIHKt11nJ7SAVlYNIu+QpqeyXP+gpQJy/Z4+F0aGxSE4MqwjyXvW/TzgkLAx2AGHwQ==}
    engines: {node: '>=14.17'}
    hasBin: true
    dev: true

  /undici-types@5.26.5:
    resolution: {integrity: sha512-JlCMO+ehdEIKqlFxk6IfVoAUVmgz7cU7zD/h9XZ0qzeosSHmUJVOzSQvvYSYWXkFXC+IfLKSIffhv0sVZup6pA==}
    dev: true
